
Microsoft Visual Studio Solution File, Format Version 12.00
# Visual Studio Version 17
VisualStudioVersion = 17.9.34607.119
MinimumVisualStudioVersion = 10.0.40219.1
Project("{9A19103F-16F7-4668-BE54-9A1E7A4F7556}") = "Entities", "Entities\Entities.csproj", "{98605573-1111-4EC5-ADD0-54626A42BEDA}"
EndProject
Project("{9A19103F-16F7-4668-BE54-9A1E7A4F7556}") = "DataAccess", "DataAccess\DataAccess.csproj", "{ECF40546-4E39-422C-A409-5B4EB340EBBA}"
EndProject
Project("{9A19103F-16F7-4668-BE54-9A1E7A4F7556}") = "Business", "Business\Business.csproj", "{CEF960D5-873F-4214-8322-8C580BF197B8}"
EndProject
Project("{9A19103F-16F7-4668-BE54-9A1E7A4F7556}") = "smartPulseSolution", "smartPulseSolution\smartPulseSolution.csproj", "{9358E075-E88A-4971-ADBC-1D5AB0CDD52C}"
EndProject
Project("{FAE04EC0-301F-11D3-BF4B-00C04F79EFBC}") = "Utilities", "Utilities\Utilities.csproj", "{E1C0FB8F-2951-441C-99EB-4F055638464B}"
EndProject
Global
	GlobalSection(SolutionConfigurationPlatforms) = preSolution
		Debug|Any CPU = Debug|Any CPU
		Release|Any CPU = Release|Any CPU
	EndGlobalSection
	GlobalSection(ProjectConfigurationPlatforms) = postSolution
		{98605573-1111-4EC5-ADD0-54626A42BEDA}.Debug|Any CPU.ActiveCfg = Debug|Any CPU
		{98605573-1111-4EC5-ADD0-54626A42BEDA}.Debug|Any CPU.Build.0 = Debug|Any CPU
		{98605573-1111-4EC5-ADD0-54626A42BEDA}.Release|Any CPU.ActiveCfg = Release|Any CPU
		{98605573-1111-4EC5-ADD0-54626A42BEDA}.Release|Any CPU.Build.0 = Release|Any CPU
		{ECF40546-4E39-422C-A409-5B4EB340EBBA}.Debug|Any CPU.ActiveCfg = Debug|Any CPU
		{ECF40546-4E39-422C-A409-5B4EB340EBBA}.Debug|Any CPU.Build.0 = Debug|Any CPU
		{ECF40546-4E39-422C-A409-5B4EB340EBBA}.Release|Any CPU.ActiveCfg = Release|Any CPU
		{ECF40546-4E39-422C-A409-5B4EB340EBBA}.Release|Any CPU.Build.0 = Release|Any CPU
		{CEF960D5-873F-4214-8322-8C580BF197B8}.Debug|Any CPU.ActiveCfg = Debug|Any CPU
		{CEF960D5-873F-4214-8322-8C580BF197B8}.Debug|Any CPU.Build.0 = Debug|Any CPU
		{CEF960D5-873F-4214-8322-8C580BF197B8}.Release|Any CPU.ActiveCfg = Release|Any CPU
		{CEF960D5-873F-4214-8322-8C580BF197B8}.Release|Any CPU.Build.0 = Release|Any CPU
		{9358E075-E88A-4971-ADBC-1D5AB0CDD52C}.Debug|Any CPU.ActiveCfg = Debug|Any CPU
		{9358E075-E88A-4971-ADBC-1D5AB0CDD52C}.Debug|Any CPU.Build.0 = Debug|Any CPU
		{9358E075-E88A-4971-ADBC-1D5AB0CDD52C}.Release|Any CPU.ActiveCfg = Release|Any CPU
		{9358E075-E88A-4971-ADBC-1D5AB0CDD52C}.Release|Any CPU.Build.0 = Release|Any CPU
		{E1C0FB8F-2951-441C-99EB-4F055638464B}.Debug|Any CPU.ActiveCfg = Debug|Any CPU
		{E1C0FB8F-2951-441C-99EB-4F055638464B}.Debug|Any CPU.Build.0 = Debug|Any CPU
		{E1C0FB8F-2951-441C-99EB-4F055638464B}.Release|Any CPU.ActiveCfg = Release|Any CPU
		{E1C0FB8F-2951-441C-99EB-4F055638464B}.Release|Any CPU.Build.0 = Release|Any CPU
	EndGlobalSection
	GlobalSection(SolutionProperties) = preSolution
		HideSolutionNode = FALSE
	EndGlobalSection
	GlobalSection(ExtensibilityGlobals) = postSolution
		SolutionGuid = {6E27B9CD-A292-4214-B54F-4E4044ED1262}
	EndGlobalSection
EndGlobal
